
Microsoft Visual Studio Solution File, Format Version 12.00
# Visual Studio 15
VisualStudioVersion = 15.0.27428.2043
MinimumVisualStudioVersion = 10.0.40219.1
Project("{FAE04EC0-301F-11D3-BF4B-00C04F79EFBC}") = "WordMatrixUtils", "WordMatrixUtils\WordMatrixUtils.csproj", "{EB467CB8-D134-48A7-B3D0-3ADFC80CFCA1}"
EndProject
Project("{FAE04EC0-301F-11D3-BF4B-00C04F79EFBC}") = "RenderedClass", "Renders\RenderedClass.csproj", "{EB5A1781-8B0B-4191-8CC0-A1E02B6D04E7}"
EndProject
Project("{9A19103F-16F7-4668-BE54-9A1E7A4F7556}") = "WebAppMarkov", "WebAppMarkov\WebAppMarkov.csproj", "{3BE64CC9-D2F2-4C7D-83B4-2FC54BA2F713}"
EndProject
Global
	GlobalSection(SolutionConfigurationPlatforms) = preSolution
		Debug|Any CPU = Debug|Any CPU
		Release|Any CPU = Release|Any CPU
	EndGlobalSection
	GlobalSection(ProjectConfigurationPlatforms) = postSolution
		{EB467CB8-D134-48A7-B3D0-3ADFC80CFCA1}.Debug|Any CPU.ActiveCfg = Debug|Any CPU
		{EB467CB8-D134-48A7-B3D0-3ADFC80CFCA1}.Debug|Any CPU.Build.0 = Debug|Any CPU
		{EB467CB8-D134-48A7-B3D0-3ADFC80CFCA1}.Release|Any CPU.ActiveCfg = Release|Any CPU
		{EB467CB8-D134-48A7-B3D0-3ADFC80CFCA1}.Release|Any CPU.Build.0 = Release|Any CPU
		{EB5A1781-8B0B-4191-8CC0-A1E02B6D04E7}.Debug|Any CPU.ActiveCfg = Debug|Any CPU
		{EB5A1781-8B0B-4191-8CC0-A1E02B6D04E7}.Debug|Any CPU.Build.0 = Debug|Any CPU
		{EB5A1781-8B0B-4191-8CC0-A1E02B6D04E7}.Release|Any CPU.ActiveCfg = Release|Any CPU
		{EB5A1781-8B0B-4191-8CC0-A1E02B6D04E7}.Release|Any CPU.Build.0 = Release|Any CPU
		{3BE64CC9-D2F2-4C7D-83B4-2FC54BA2F713}.Debug|Any CPU.ActiveCfg = Debug|Any CPU
		{3BE64CC9-D2F2-4C7D-83B4-2FC54BA2F713}.Debug|Any CPU.Build.0 = Debug|Any CPU
		{3BE64CC9-D2F2-4C7D-83B4-2FC54BA2F713}.Release|Any CPU.ActiveCfg = Release|Any CPU
		{3BE64CC9-D2F2-4C7D-83B4-2FC54BA2F713}.Release|Any CPU.Build.0 = Release|Any CPU
	EndGlobalSection
	GlobalSection(SolutionProperties) = preSolution
		HideSolutionNode = FALSE
	EndGlobalSection
	GlobalSection(ExtensibilityGlobals) = postSolution
		SolutionGuid = {9016D444-B53B-4E64-8D7A-9898EA83AF00}
	EndGlobalSection
EndGlobal
